
Microsoft Visual Studio Solution File, Format Version 12.00
# Visual Studio Version 16
VisualStudioVersion = 16.0.28803.156
MinimumVisualStudioVersion = 10.0.40219.1
Project("{9A19103F-16F7-4668-BE54-9A1E7A4F7556}") = "BehaviorTrees", "BehaviorTrees\BehaviorTrees.csproj", "{7379EA56-D19D-4827-A614-BF969C493212}"
EndProject
Project("{FAE04EC0-301F-11D3-BF4B-00C04F79EFBC}") = "BehaviorTreesEditor", "BehaviorTreeEditor\BehaviorTreesEditor.csproj", "{562E65D4-934F-49C8-B1C2-020C79F9B92A}"
	ProjectSection(ProjectDependencies) = postProject
		{1CE2BB7D-324D-4177-B01B-94B95F4C7826} = {1CE2BB7D-324D-4177-B01B-94B95F4C7826}
	EndProjectSection
EndProject
Project("{2150E333-8FDC-42A3-9474-1A3956D46DE8}") = "Examples", "Examples", "{0F7EB24D-6C6D-4FF1-8BEC-1BFF50D4F3E0}"
EndProject
Project("{9A19103F-16F7-4668-BE54-9A1E7A4F7556}") = "BehaviorTrees.Example1", "BehaviorTrees.Example1\BehaviorTrees.Example1.csproj", "{1CE2BB7D-324D-4177-B01B-94B95F4C7826}"
EndProject
Global
	GlobalSection(SolutionConfigurationPlatforms) = preSolution
		Debug|Any CPU = Debug|Any CPU
		Release|Any CPU = Release|Any CPU
	EndGlobalSection
	GlobalSection(ProjectConfigurationPlatforms) = postSolution
		{7379EA56-D19D-4827-A614-BF969C493212}.Debug|Any CPU.ActiveCfg = Debug|Any CPU
		{7379EA56-D19D-4827-A614-BF969C493212}.Debug|Any CPU.Build.0 = Debug|Any CPU
		{7379EA56-D19D-4827-A614-BF969C493212}.Release|Any CPU.ActiveCfg = Release|Any CPU
		{7379EA56-D19D-4827-A614-BF969C493212}.Release|Any CPU.Build.0 = Release|Any CPU
		{562E65D4-934F-49C8-B1C2-020C79F9B92A}.Debug|Any CPU.ActiveCfg = Debug|Any CPU
		{562E65D4-934F-49C8-B1C2-020C79F9B92A}.Debug|Any CPU.Build.0 = Debug|Any CPU
		{562E65D4-934F-49C8-B1C2-020C79F9B92A}.Release|Any CPU.ActiveCfg = Release|Any CPU
		{562E65D4-934F-49C8-B1C2-020C79F9B92A}.Release|Any CPU.Build.0 = Release|Any CPU
		{1CE2BB7D-324D-4177-B01B-94B95F4C7826}.Debug|Any CPU.ActiveCfg = Debug|Any CPU
		{1CE2BB7D-324D-4177-B01B-94B95F4C7826}.Debug|Any CPU.Build.0 = Debug|Any CPU
		{1CE2BB7D-324D-4177-B01B-94B95F4C7826}.Release|Any CPU.ActiveCfg = Release|Any CPU
		{1CE2BB7D-324D-4177-B01B-94B95F4C7826}.Release|Any CPU.Build.0 = Release|Any CPU
	EndGlobalSection
	GlobalSection(SolutionProperties) = preSolution
		HideSolutionNode = FALSE
	EndGlobalSection
	GlobalSection(NestedProjects) = preSolution
		{1CE2BB7D-324D-4177-B01B-94B95F4C7826} = {0F7EB24D-6C6D-4FF1-8BEC-1BFF50D4F3E0}
	EndGlobalSection
	GlobalSection(ExtensibilityGlobals) = postSolution
		SolutionGuid = {7EEA5E1A-BBB8-4943-96AC-F0F4FB8D97A1}
	EndGlobalSection
EndGlobal
