
Microsoft Visual Studio Solution File, Format Version 12.00
# Visual Studio Version 17
VisualStudioVersion = 17.2.32616.157
MinimumVisualStudioVersion = 10.0.40219.1
Project("{9A19103F-16F7-4668-BE54-9A1E7A4F7556}") = "BehaviorTrees", "BehaviorTrees\BehaviorTrees.csproj", "{7379EA56-D19D-4827-A614-BF969C493212}"
EndProject
Project("{9A19103F-16F7-4668-BE54-9A1E7A4F7556}") = "BehaviorTreesEditor", "BehaviorTreeEditor\BehaviorTreesEditor.csproj", "{562E65D4-934F-49C8-B1C2-020C79F9B92A}"
	ProjectSection(ProjectDependencies) = postProject
		{DC8EDE13-540E-4516-9A20-D734CC57A079} = {DC8EDE13-540E-4516-9A20-D734CC57A079}
		{B9F3E458-134F-469F-9F50-B8EB11F2FF11} = {B9F3E458-134F-469F-9F50-B8EB11F2FF11}
		{56B59AB1-3909-4BAE-817C-3A0806CEA730} = {56B59AB1-3909-4BAE-817C-3A0806CEA730}
	EndProjectSection
EndProject
Project("{2150E333-8FDC-42A3-9474-1A3956D46DE8}") = "Example1", "Example1", "{0F7EB24D-6C6D-4FF1-8BEC-1BFF50D4F3E0}"
EndProject
Project("{9A19103F-16F7-4668-BE54-9A1E7A4F7556}") = "BehaviorTrees.Example1", "Example1\BehaviorTrees.Example1.csproj", "{56B59AB1-3909-4BAE-817C-3A0806CEA730}"
EndProject
Project("{2150E333-8FDC-42A3-9474-1A3956D46DE8}") = "Example2", "Example2", "{F58C6BF4-B10D-4910-8A75-232C839B6BB4}"
EndProject
Project("{9A19103F-16F7-4668-BE54-9A1E7A4F7556}") = "BehaviorTrees.IronPython", "Example2\BehaviorTrees.IronPython\BehaviorTrees.IronPython.csproj", "{DC8EDE13-540E-4516-9A20-D734CC57A079}"
EndProject
Project("{9A19103F-16F7-4668-BE54-9A1E7A4F7556}") = "BehaviorTrees.IronPython.Editor", "Example2\BehaviorTrees.IronPython.Editor\BehaviorTrees.IronPython.Editor.csproj", "{B9F3E458-134F-469F-9F50-B8EB11F2FF11}"
EndProject
Global
	GlobalSection(SolutionConfigurationPlatforms) = preSolution
		Debug|Any CPU = Debug|Any CPU
		Release|Any CPU = Release|Any CPU
	EndGlobalSection
	GlobalSection(ProjectConfigurationPlatforms) = postSolution
		{7379EA56-D19D-4827-A614-BF969C493212}.Debug|Any CPU.ActiveCfg = Debug|Any CPU
		{7379EA56-D19D-4827-A614-BF969C493212}.Debug|Any CPU.Build.0 = Debug|Any CPU
		{7379EA56-D19D-4827-A614-BF969C493212}.Release|Any CPU.ActiveCfg = Release|Any CPU
		{7379EA56-D19D-4827-A614-BF969C493212}.Release|Any CPU.Build.0 = Release|Any CPU
		{562E65D4-934F-49C8-B1C2-020C79F9B92A}.Debug|Any CPU.ActiveCfg = Debug|Any CPU
		{562E65D4-934F-49C8-B1C2-020C79F9B92A}.Debug|Any CPU.Build.0 = Debug|Any CPU
		{562E65D4-934F-49C8-B1C2-020C79F9B92A}.Release|Any CPU.ActiveCfg = Release|Any CPU
		{562E65D4-934F-49C8-B1C2-020C79F9B92A}.Release|Any CPU.Build.0 = Release|Any CPU
		{56B59AB1-3909-4BAE-817C-3A0806CEA730}.Debug|Any CPU.ActiveCfg = Debug|Any CPU
		{56B59AB1-3909-4BAE-817C-3A0806CEA730}.Debug|Any CPU.Build.0 = Debug|Any CPU
		{56B59AB1-3909-4BAE-817C-3A0806CEA730}.Release|Any CPU.ActiveCfg = Release|Any CPU
		{56B59AB1-3909-4BAE-817C-3A0806CEA730}.Release|Any CPU.Build.0 = Release|Any CPU
		{DC8EDE13-540E-4516-9A20-D734CC57A079}.Debug|Any CPU.ActiveCfg = Debug|Any CPU
		{DC8EDE13-540E-4516-9A20-D734CC57A079}.Debug|Any CPU.Build.0 = Debug|Any CPU
		{DC8EDE13-540E-4516-9A20-D734CC57A079}.Release|Any CPU.ActiveCfg = Release|Any CPU
		{DC8EDE13-540E-4516-9A20-D734CC57A079}.Release|Any CPU.Build.0 = Release|Any CPU
		{B9F3E458-134F-469F-9F50-B8EB11F2FF11}.Debug|Any CPU.ActiveCfg = Debug|Any CPU
		{B9F3E458-134F-469F-9F50-B8EB11F2FF11}.Debug|Any CPU.Build.0 = Debug|Any CPU
		{B9F3E458-134F-469F-9F50-B8EB11F2FF11}.Release|Any CPU.ActiveCfg = Release|Any CPU
		{B9F3E458-134F-469F-9F50-B8EB11F2FF11}.Release|Any CPU.Build.0 = Release|Any CPU
	EndGlobalSection
	GlobalSection(SolutionProperties) = preSolution
		HideSolutionNode = FALSE
	EndGlobalSection
	GlobalSection(NestedProjects) = preSolution
		{56B59AB1-3909-4BAE-817C-3A0806CEA730} = {0F7EB24D-6C6D-4FF1-8BEC-1BFF50D4F3E0}
		{DC8EDE13-540E-4516-9A20-D734CC57A079} = {F58C6BF4-B10D-4910-8A75-232C839B6BB4}
		{B9F3E458-134F-469F-9F50-B8EB11F2FF11} = {F58C6BF4-B10D-4910-8A75-232C839B6BB4}
	EndGlobalSection
	GlobalSection(ExtensibilityGlobals) = postSolution
		SolutionGuid = {7EEA5E1A-BBB8-4943-96AC-F0F4FB8D97A1}
	EndGlobalSection
EndGlobal
